
Microsoft Visual Studio Solution File, Format Version 9.00
# Visual Studio 2005
Project("{FAE04EC0-301F-11D3-BF4B-00C04F79EFBC}") = "iPhoneList", "iPhoneGUI\iPhoneList.csproj", "{20E67E9F-1F0A-40D9-9B47-A56DFBF88B57}"
EndProject
Project("{FAE04EC0-301F-11D3-BF4B-00C04F79EFBC}") = "Manzana", "Manzana\Manzana.csproj", "{8C260F85-65AC-40A6-85BF-D89C49052F64}"
EndProject
Global
	GlobalSection(SolutionConfigurationPlatforms) = preSolution
		Debug|Any CPU = Debug|Any CPU
		Release|Any CPU = Release|Any CPU
	EndGlobalSection
	GlobalSection(ProjectConfigurationPlatforms) = postSolution
		{20E67E9F-1F0A-40D9-9B47-A56DFBF88B57}.Debug|Any CPU.ActiveCfg = Debug|Any CPU
		{20E67E9F-1F0A-40D9-9B47-A56DFBF88B57}.Debug|Any CPU.Build.0 = Debug|Any CPU
		{20E67E9F-1F0A-40D9-9B47-A56DFBF88B57}.Release|Any CPU.ActiveCfg = Release|Any CPU
		{20E67E9F-1F0A-40D9-9B47-A56DFBF88B57}.Release|Any CPU.Build.0 = Release|Any CPU
		{8C260F85-65AC-40A6-85BF-D89C49052F64}.Debug|Any CPU.ActiveCfg = Debug|Any CPU
		{8C260F85-65AC-40A6-85BF-D89C49052F64}.Debug|Any CPU.Build.0 = Debug|Any CPU
		{8C260F85-65AC-40A6-85BF-D89C49052F64}.Release|Any CPU.ActiveCfg = Release|Any CPU
		{8C260F85-65AC-40A6-85BF-D89C49052F64}.Release|Any CPU.Build.0 = Release|Any CPU
	EndGlobalSection
	GlobalSection(SolutionProperties) = preSolution
		HideSolutionNode = FALSE
	EndGlobalSection
EndGlobal
